
Microsoft Visual Studio Solution File, Format Version 12.00
# Visual Studio Version 16
VisualStudioVersion = 16.0.31321.278
MinimumVisualStudioVersion = 10.0.40219.1
Project("{9A19103F-16F7-4668-BE54-9A1E7A4F7556}") = "Qrame.Core.Data", "Qrame.Core.Data.csproj", "{914004A3-BDF6-4972-B60D-24A54D96215D}"
EndProject
Global
	GlobalSection(SolutionConfigurationPlatforms) = preSolution
		Debug|Any CPU = Debug|Any CPU
		Release|Any CPU = Release|Any CPU
	EndGlobalSection
	GlobalSection(ProjectConfigurationPlatforms) = postSolution
		{914004A3-BDF6-4972-B60D-24A54D96215D}.Debug|Any CPU.ActiveCfg = Debug|Any CPU
		{914004A3-BDF6-4972-B60D-24A54D96215D}.Debug|Any CPU.Build.0 = Debug|Any CPU
		{914004A3-BDF6-4972-B60D-24A54D96215D}.Release|Any CPU.ActiveCfg = Release|Any CPU
		{914004A3-BDF6-4972-B60D-24A54D96215D}.Release|Any CPU.Build.0 = Release|Any CPU
	EndGlobalSection
	GlobalSection(SolutionProperties) = preSolution
		HideSolutionNode = FALSE
	EndGlobalSection
	GlobalSection(ExtensibilityGlobals) = postSolution
		SolutionGuid = {7AA876E2-D28C-4AB1-BB2E-08F9968844DD}
	EndGlobalSection
EndGlobal
